
Microsoft Visual Studio Solution File, Format Version 12.00
# Visual Studio 15
VisualStudioVersion = 15.0.27130.2010
MinimumVisualStudioVersion = 10.0.40219.1
Project("{FAE04EC0-301F-11D3-BF4B-00C04F79EFBC}") = "FileParserExample", "FileParserExample\FileParserExample.csproj", "{7D10FFEA-9918-430E-91E9-4BC8CD80677E}"
EndProject
Project("{8BC9CEB8-8B4A-11D0-8D11-00A0C91BC942}") = "CppStandardIOApproachExample", "CppStandardIOApproachExample\CppStandardIOApproachExample.vcxproj", "{A7047D24-70C0-45E1-942D-C80BBE56E2E0}"
EndProject
Global
	GlobalSection(SolutionConfigurationPlatforms) = preSolution
		Debug|Any CPU = Debug|Any CPU
		Debug|x64 = Debug|x64
		Debug|x86 = Debug|x86
		Release|Any CPU = Release|Any CPU
		Release|x64 = Release|x64
		Release|x86 = Release|x86
	EndGlobalSection
	GlobalSection(ProjectConfigurationPlatforms) = postSolution
		{7D10FFEA-9918-430E-91E9-4BC8CD80677E}.Debug|Any CPU.ActiveCfg = Debug|Any CPU
		{7D10FFEA-9918-430E-91E9-4BC8CD80677E}.Debug|Any CPU.Build.0 = Debug|Any CPU
		{7D10FFEA-9918-430E-91E9-4BC8CD80677E}.Debug|x64.ActiveCfg = Debug|Any CPU
		{7D10FFEA-9918-430E-91E9-4BC8CD80677E}.Debug|x64.Build.0 = Debug|Any CPU
		{7D10FFEA-9918-430E-91E9-4BC8CD80677E}.Debug|x86.ActiveCfg = Debug|Any CPU
		{7D10FFEA-9918-430E-91E9-4BC8CD80677E}.Debug|x86.Build.0 = Debug|Any CPU
		{7D10FFEA-9918-430E-91E9-4BC8CD80677E}.Release|Any CPU.ActiveCfg = Release|Any CPU
		{7D10FFEA-9918-430E-91E9-4BC8CD80677E}.Release|Any CPU.Build.0 = Release|Any CPU
		{7D10FFEA-9918-430E-91E9-4BC8CD80677E}.Release|x64.ActiveCfg = Release|Any CPU
		{7D10FFEA-9918-430E-91E9-4BC8CD80677E}.Release|x64.Build.0 = Release|Any CPU
		{7D10FFEA-9918-430E-91E9-4BC8CD80677E}.Release|x86.ActiveCfg = Release|Any CPU
		{7D10FFEA-9918-430E-91E9-4BC8CD80677E}.Release|x86.Build.0 = Release|Any CPU
		{A7047D24-70C0-45E1-942D-C80BBE56E2E0}.Debug|Any CPU.ActiveCfg = Debug|Win32
		{A7047D24-70C0-45E1-942D-C80BBE56E2E0}.Debug|x64.ActiveCfg = Debug|x64
		{A7047D24-70C0-45E1-942D-C80BBE56E2E0}.Debug|x64.Build.0 = Debug|x64
		{A7047D24-70C0-45E1-942D-C80BBE56E2E0}.Debug|x86.ActiveCfg = Debug|Win32
		{A7047D24-70C0-45E1-942D-C80BBE56E2E0}.Debug|x86.Build.0 = Debug|Win32
		{A7047D24-70C0-45E1-942D-C80BBE56E2E0}.Release|Any CPU.ActiveCfg = Release|Win32
		{A7047D24-70C0-45E1-942D-C80BBE56E2E0}.Release|x64.ActiveCfg = Release|x64
		{A7047D24-70C0-45E1-942D-C80BBE56E2E0}.Release|x64.Build.0 = Release|x64
		{A7047D24-70C0-45E1-942D-C80BBE56E2E0}.Release|x86.ActiveCfg = Release|Win32
		{A7047D24-70C0-45E1-942D-C80BBE56E2E0}.Release|x86.Build.0 = Release|Win32
	EndGlobalSection
	GlobalSection(SolutionProperties) = preSolution
		HideSolutionNode = FALSE
	EndGlobalSection
	GlobalSection(ExtensibilityGlobals) = postSolution
		SolutionGuid = {5A6BE3F1-1B90-4B53-9E23-C36772AB45AF}
	EndGlobalSection
EndGlobal
